
Microsoft Visual Studio Solution File, Format Version 12.00
# Visual Studio Version 17
VisualStudioVersion = 17.4.33103.184
MinimumVisualStudioVersion = 10.0.40219.1
Project("{2150E333-8FDC-42A3-9474-1A3956D46DE8}") = "Solution Items", "Solution Items", "{B04A1C68-A563-498B-9FFC-DF158C0E87AE}"
	ProjectSection(SolutionItems) = preProject
		Note.txt = Note.txt
	EndProjectSection
EndProject
Project("{FAE04EC0-301F-11D3-BF4B-00C04F79EFBC}") = "CQRSDesignPattern", "CQRSDesignPattern\CQRSDesignPattern.csproj", "{40761643-C485-4BFE-8A6D-607978C1BCD8}"
EndProject
Global
	GlobalSection(SolutionConfigurationPlatforms) = preSolution
		Debug|Any CPU = Debug|Any CPU
		Release|Any CPU = Release|Any CPU
	EndGlobalSection
	GlobalSection(ProjectConfigurationPlatforms) = postSolution
		{40761643-C485-4BFE-8A6D-607978C1BCD8}.Debug|Any CPU.ActiveCfg = Debug|Any CPU
		{40761643-C485-4BFE-8A6D-607978C1BCD8}.Debug|Any CPU.Build.0 = Debug|Any CPU
		{40761643-C485-4BFE-8A6D-607978C1BCD8}.Release|Any CPU.ActiveCfg = Release|Any CPU
		{40761643-C485-4BFE-8A6D-607978C1BCD8}.Release|Any CPU.Build.0 = Release|Any CPU
	EndGlobalSection
	GlobalSection(SolutionProperties) = preSolution
		HideSolutionNode = FALSE
	EndGlobalSection
	GlobalSection(ExtensibilityGlobals) = postSolution
		SolutionGuid = {0719E6B2-A7BA-439A-BE97-B2178E529A28}
	EndGlobalSection
EndGlobal
